Microsoft Visual Studio Solution File, Format Version 12.00
# Visual Studio Version 17
VisualStudioVersion = 17.5.2.0
MinimumVisualStudioVersion = 10.0.40219.1
Project("{FAE04EC0-301F-11D3-BF4B-00C04F79EFBC}") = "Hospital_API", "Hospital_API\Hospital_API.csproj", "{E5B63CFD-C63F-EDC6-9611-E20D62975540}"
EndProject
Global
	GlobalSection(SolutionConfigurationPlatforms) = preSolution
		Debug|Any CPU = Debug|Any CPU
		Release|Any CPU = Release|Any CPU
	EndGlobalSection
	GlobalSection(ProjectConfigurationPlatforms) = postSolution
		{E5B63CFD-C63F-EDC6-9611-E20D62975540}.Debug|Any CPU.ActiveCfg = Debug|Any CPU
		{E5B63CFD-C63F-EDC6-9611-E20D62975540}.Debug|Any CPU.Build.0 = Debug|Any CPU
		{E5B63CFD-C63F-EDC6-9611-E20D62975540}.Release|Any CPU.ActiveCfg = Release|Any CPU
		{E5B63CFD-C63F-EDC6-9611-E20D62975540}.Release|Any CPU.Build.0 = Release|Any CPU
	EndGlobalSection
	GlobalSection(SolutionProperties) = preSolution
		HideSolutionNode = FALSE
	EndGlobalSection
	GlobalSection(ExtensibilityGlobals) = postSolution
		SolutionGuid = {28E9925B-8BBB-46A4-A804-7C3ACAC835CF}
	EndGlobalSection
EndGlobal
